
Microsoft Visual Studio Solution File, Format Version 12.00
# Visual Studio 15
VisualStudioVersion = 15.0.27428.2005
MinimumVisualStudioVersion = 10.0.40219.1
Project("{9A19103F-16F7-4668-BE54-9A1E7A4F7556}") = "OldMacDonald.ConsoleApp", "OldMacDonald.ConsoleApp\OldMacDonald.ConsoleApp.csproj", "{0A7927A4-A981-405B-9F76-55D6C0CFE16D}"
EndProject
Project("{9A19103F-16F7-4668-BE54-9A1E7A4F7556}") = "OldMacDonald.Song", "OldMacDonald.Song\OldMacDonald.Song.csproj", "{A303876D-1655-4B6A-9389-8DA90A4B3690}"
EndProject
Project("{9A19103F-16F7-4668-BE54-9A1E7A4F7556}") = "OldMacDonald.Tests", "OldMacDonald.Tests\OldMacDonald.Tests.csproj", "{B3A4C48E-4BCA-4080-B7AF-5FB1B08B9750}"
EndProject
Global
	GlobalSection(SolutionConfigurationPlatforms) = preSolution
		Debug|Any CPU = Debug|Any CPU
		Release|Any CPU = Release|Any CPU
	EndGlobalSection
	GlobalSection(ProjectConfigurationPlatforms) = postSolution
		{0A7927A4-A981-405B-9F76-55D6C0CFE16D}.Debug|Any CPU.ActiveCfg = Debug|Any CPU
		{0A7927A4-A981-405B-9F76-55D6C0CFE16D}.Debug|Any CPU.Build.0 = Debug|Any CPU
		{0A7927A4-A981-405B-9F76-55D6C0CFE16D}.Release|Any CPU.ActiveCfg = Release|Any CPU
		{0A7927A4-A981-405B-9F76-55D6C0CFE16D}.Release|Any CPU.Build.0 = Release|Any CPU
		{A303876D-1655-4B6A-9389-8DA90A4B3690}.Debug|Any CPU.ActiveCfg = Debug|Any CPU
		{A303876D-1655-4B6A-9389-8DA90A4B3690}.Debug|Any CPU.Build.0 = Debug|Any CPU
		{A303876D-1655-4B6A-9389-8DA90A4B3690}.Release|Any CPU.ActiveCfg = Release|Any CPU
		{A303876D-1655-4B6A-9389-8DA90A4B3690}.Release|Any CPU.Build.0 = Release|Any CPU
		{B3A4C48E-4BCA-4080-B7AF-5FB1B08B9750}.Debug|Any CPU.ActiveCfg = Debug|Any CPU
		{B3A4C48E-4BCA-4080-B7AF-5FB1B08B9750}.Debug|Any CPU.Build.0 = Debug|Any CPU
		{B3A4C48E-4BCA-4080-B7AF-5FB1B08B9750}.Release|Any CPU.ActiveCfg = Release|Any CPU
		{B3A4C48E-4BCA-4080-B7AF-5FB1B08B9750}.Release|Any CPU.Build.0 = Release|Any CPU
	EndGlobalSection
	GlobalSection(SolutionProperties) = preSolution
		HideSolutionNode = FALSE
	EndGlobalSection
	GlobalSection(ExtensibilityGlobals) = postSolution
		SolutionGuid = {C0284A5E-D508-4D80-8495-94464655972D}
	EndGlobalSection
EndGlobal
